
Microsoft Visual Studio Solution File, Format Version 12.00
# Visual Studio Version 16
VisualStudioVersion = 16.0.34031.81
MinimumVisualStudioVersion = 10.0.40219.1
Project("{FAE04EC0-301F-11D3-BF4B-00C04F79EFBC}") = "hafta5_switch_case_takim", "hafta5_switch_case_takim\hafta5_switch_case_takim.csproj", "{4318548D-29EE-4AAE-B263-1D82507748B3}"
EndProject
Global
	GlobalSection(SolutionConfigurationPlatforms) = preSolution
		Debug|Any CPU = Debug|Any CPU
		Release|Any CPU = Release|Any CPU
	EndGlobalSection
	GlobalSection(ProjectConfigurationPlatforms) = postSolution
		{4318548D-29EE-4AAE-B263-1D82507748B3}.Debug|Any CPU.ActiveCfg = Debug|Any CPU
		{4318548D-29EE-4AAE-B263-1D82507748B3}.Debug|Any CPU.Build.0 = Debug|Any CPU
		{4318548D-29EE-4AAE-B263-1D82507748B3}.Release|Any CPU.ActiveCfg = Release|Any CPU
		{4318548D-29EE-4AAE-B263-1D82507748B3}.Release|Any CPU.Build.0 = Release|Any CPU
	EndGlobalSection
	GlobalSection(SolutionProperties) = preSolution
		HideSolutionNode = FALSE
	EndGlobalSection
	GlobalSection(ExtensibilityGlobals) = postSolution
		SolutionGuid = {97D299B5-8831-4636-865B-8307A6A38B9A}
	EndGlobalSection
EndGlobal
