
Microsoft Visual Studio Solution File, Format Version 12.00
# Visual Studio Version 16
VisualStudioVersion = 16.0.32602.291
MinimumVisualStudioVersion = 10.0.40219.1
Project("{FAE04EC0-301F-11D3-BF4B-00C04F79EFBC}") = "Hafta11_NTP_Metotlar_3", "Hafta11_NTP_Metotlar_3\Hafta11_NTP_Metotlar_3.csproj", "{9B1BF7F5-C9AF-419E-9E0F-7B05444A2A09}"
EndProject
Global
	GlobalSection(SolutionConfigurationPlatforms) = preSolution
		Debug|Any CPU = Debug|Any CPU
		Release|Any CPU = Release|Any CPU
	EndGlobalSection
	GlobalSection(ProjectConfigurationPlatforms) = postSolution
		{9B1BF7F5-C9AF-419E-9E0F-7B05444A2A09}.Debug|Any CPU.ActiveCfg = Debug|Any CPU
		{9B1BF7F5-C9AF-419E-9E0F-7B05444A2A09}.Debug|Any CPU.Build.0 = Debug|Any CPU
		{9B1BF7F5-C9AF-419E-9E0F-7B05444A2A09}.Release|Any CPU.ActiveCfg = Release|Any CPU
		{9B1BF7F5-C9AF-419E-9E0F-7B05444A2A09}.Release|Any CPU.Build.0 = Release|Any CPU
	EndGlobalSection
	GlobalSection(SolutionProperties) = preSolution
		HideSolutionNode = FALSE
	EndGlobalSection
	GlobalSection(ExtensibilityGlobals) = postSolution
		SolutionGuid = {972D4AA5-63C5-4C21-9A25-6FA34D4AF3F4}
	EndGlobalSection
EndGlobal
