
Microsoft Visual Studio Solution File, Format Version 12.00
# Visual Studio Version 16
VisualStudioVersion = 16.0.34031.81
MinimumVisualStudioVersion = 10.0.40219.1
Project("{FAE04EC0-301F-11D3-BF4B-00C04F79EFBC}") = "hafta5_operatorler_comboBox", "hafta5_operatorler_comboBox\hafta5_operatorler_comboBox.csproj", "{98B24654-2EFB-4DAA-9E52-2FE5C4BEF150}"
EndProject
Global
	GlobalSection(SolutionConfigurationPlatforms) = preSolution
		Debug|Any CPU = Debug|Any CPU
		Release|Any CPU = Release|Any CPU
	EndGlobalSection
	GlobalSection(ProjectConfigurationPlatforms) = postSolution
		{98B24654-2EFB-4DAA-9E52-2FE5C4BEF150}.Debug|Any CPU.ActiveCfg = Debug|Any CPU
		{98B24654-2EFB-4DAA-9E52-2FE5C4BEF150}.Debug|Any CPU.Build.0 = Debug|Any CPU
		{98B24654-2EFB-4DAA-9E52-2FE5C4BEF150}.Release|Any CPU.ActiveCfg = Release|Any CPU
		{98B24654-2EFB-4DAA-9E52-2FE5C4BEF150}.Release|Any CPU.Build.0 = Release|Any CPU
	EndGlobalSection
	GlobalSection(SolutionProperties) = preSolution
		HideSolutionNode = FALSE
	EndGlobalSection
	GlobalSection(ExtensibilityGlobals) = postSolution
		SolutionGuid = {970E706A-8133-4BA5-BF99-C5564C7E21A4}
	EndGlobalSection
EndGlobal
