
Microsoft Visual Studio Solution File, Format Version 12.00
# Visual Studio Version 16
VisualStudioVersion = 16.0.34031.81
MinimumVisualStudioVersion = 10.0.40219.1
Project("{FAE04EC0-301F-11D3-BF4B-00C04F79EFBC}") = "hafta6_while_dongusu_1", "hafta6_while_dongusu_1\hafta6_while_dongusu_1.csproj", "{97E3C74B-0056-4027-B7B6-5BF69D3C0851}"
EndProject
Global
	GlobalSection(SolutionConfigurationPlatforms) = preSolution
		Debug|Any CPU = Debug|Any CPU
		Release|Any CPU = Release|Any CPU
	EndGlobalSection
	GlobalSection(ProjectConfigurationPlatforms) = postSolution
		{97E3C74B-0056-4027-B7B6-5BF69D3C0851}.Debug|Any CPU.ActiveCfg = Debug|Any CPU
		{97E3C74B-0056-4027-B7B6-5BF69D3C0851}.Debug|Any CPU.Build.0 = Debug|Any CPU
		{97E3C74B-0056-4027-B7B6-5BF69D3C0851}.Release|Any CPU.ActiveCfg = Release|Any CPU
		{97E3C74B-0056-4027-B7B6-5BF69D3C0851}.Release|Any CPU.Build.0 = Release|Any CPU
	EndGlobalSection
	GlobalSection(SolutionProperties) = preSolution
		HideSolutionNode = FALSE
	EndGlobalSection
	GlobalSection(ExtensibilityGlobals) = postSolution
		SolutionGuid = {68743B78-36AE-496D-929A-70A7C75F8B17}
	EndGlobalSection
EndGlobal
