
Microsoft Visual Studio Solution File, Format Version 12.00
# Visual Studio Version 16
VisualStudioVersion = 16.0.34031.81
MinimumVisualStudioVersion = 10.0.40219.1
Project("{FAE04EC0-301F-11D3-BF4B-00C04F79EFBC}") = "hafta3_uygulama6", "hafta3_uygulama6\hafta3_uygulama6.csproj", "{74D6EE30-E824-4CCF-80D4-12B7E811D959}"
EndProject
Global
	GlobalSection(SolutionConfigurationPlatforms) = preSolution
		Debug|Any CPU = Debug|Any CPU
		Release|Any CPU = Release|Any CPU
	EndGlobalSection
	GlobalSection(ProjectConfigurationPlatforms) = postSolution
		{74D6EE30-E824-4CCF-80D4-12B7E811D959}.Debug|Any CPU.ActiveCfg = Debug|Any CPU
		{74D6EE30-E824-4CCF-80D4-12B7E811D959}.Debug|Any CPU.Build.0 = Debug|Any CPU
		{74D6EE30-E824-4CCF-80D4-12B7E811D959}.Release|Any CPU.ActiveCfg = Release|Any CPU
		{74D6EE30-E824-4CCF-80D4-12B7E811D959}.Release|Any CPU.Build.0 = Release|Any CPU
	EndGlobalSection
	GlobalSection(SolutionProperties) = preSolution
		HideSolutionNode = FALSE
	EndGlobalSection
	GlobalSection(ExtensibilityGlobals) = postSolution
		SolutionGuid = {6896565F-BD2A-412E-8FFD-78AE377C94E3}
	EndGlobalSection
EndGlobal
