
Microsoft Visual Studio Solution File, Format Version 12.00
# Visual Studio Version 16
VisualStudioVersion = 16.0.34031.81
MinimumVisualStudioVersion = 10.0.40219.1
Project("{FAE04EC0-301F-11D3-BF4B-00C04F79EFBC}") = "Hafta14_SanalMetotlar", "Hafta14_SanalMetotlar\Hafta14_SanalMetotlar.csproj", "{2E14F8CB-27C2-4E41-A8F5-CB256C2DD701}"
EndProject
Global
	GlobalSection(SolutionConfigurationPlatforms) = preSolution
		Debug|Any CPU = Debug|Any CPU
		Release|Any CPU = Release|Any CPU
	EndGlobalSection
	GlobalSection(ProjectConfigurationPlatforms) = postSolution
		{2E14F8CB-27C2-4E41-A8F5-CB256C2DD701}.Debug|Any CPU.ActiveCfg = Debug|Any CPU
		{2E14F8CB-27C2-4E41-A8F5-CB256C2DD701}.Debug|Any CPU.Build.0 = Debug|Any CPU
		{2E14F8CB-27C2-4E41-A8F5-CB256C2DD701}.Release|Any CPU.ActiveCfg = Release|Any CPU
		{2E14F8CB-27C2-4E41-A8F5-CB256C2DD701}.Release|Any CPU.Build.0 = Release|Any CPU
	EndGlobalSection
	GlobalSection(SolutionProperties) = preSolution
		HideSolutionNode = FALSE
	EndGlobalSection
	GlobalSection(ExtensibilityGlobals) = postSolution
		SolutionGuid = {53B4E9B0-970F-4AB9-A9CF-5DC186EF4DE9}
	EndGlobalSection
EndGlobal
