
Microsoft Visual Studio Solution File, Format Version 12.00
# Visual Studio Version 16
VisualStudioVersion = 16.0.34031.81
MinimumVisualStudioVersion = 10.0.40219.1
Project("{FAE04EC0-301F-11D3-BF4B-00C04F79EFBC}") = "hafta5_switch_case_gun_bulma", "hafta5_switch_case_gun_bulma\hafta5_switch_case_gun_bulma.csproj", "{8445A765-FED7-46BD-9A1A-F330F2C1B460}"
EndProject
Global
	GlobalSection(SolutionConfigurationPlatforms) = preSolution
		Debug|Any CPU = Debug|Any CPU
		Release|Any CPU = Release|Any CPU
	EndGlobalSection
	GlobalSection(ProjectConfigurationPlatforms) = postSolution
		{8445A765-FED7-46BD-9A1A-F330F2C1B460}.Debug|Any CPU.ActiveCfg = Debug|Any CPU
		{8445A765-FED7-46BD-9A1A-F330F2C1B460}.Debug|Any CPU.Build.0 = Debug|Any CPU
		{8445A765-FED7-46BD-9A1A-F330F2C1B460}.Release|Any CPU.ActiveCfg = Release|Any CPU
		{8445A765-FED7-46BD-9A1A-F330F2C1B460}.Release|Any CPU.Build.0 = Release|Any CPU
	EndGlobalSection
	GlobalSection(SolutionProperties) = preSolution
		HideSolutionNode = FALSE
	EndGlobalSection
	GlobalSection(ExtensibilityGlobals) = postSolution
		SolutionGuid = {167781A6-96B4-43E1-9E5D-E7221882EDAD}
	EndGlobalSection
EndGlobal
