
Microsoft Visual Studio Solution File, Format Version 12.00
# Visual Studio Version 16
VisualStudioVersion = 16.0.34031.81
MinimumVisualStudioVersion = 10.0.40219.1
Project("{FAE04EC0-301F-11D3-BF4B-00C04F79EFBC}") = "Hafta9_NTP_Giris", "Hafta9_NTP_Giris\Hafta9_NTP_Giris.csproj", "{1608108C-AA40-4108-98CD-6B91E9AA2FB5}"
EndProject
Global
	GlobalSection(SolutionConfigurationPlatforms) = preSolution
		Debug|Any CPU = Debug|Any CPU
		Release|Any CPU = Release|Any CPU
	EndGlobalSection
	GlobalSection(ProjectConfigurationPlatforms) = postSolution
		{1608108C-AA40-4108-98CD-6B91E9AA2FB5}.Debug|Any CPU.ActiveCfg = Debug|Any CPU
		{1608108C-AA40-4108-98CD-6B91E9AA2FB5}.Debug|Any CPU.Build.0 = Debug|Any CPU
		{1608108C-AA40-4108-98CD-6B91E9AA2FB5}.Release|Any CPU.ActiveCfg = Release|Any CPU
		{1608108C-AA40-4108-98CD-6B91E9AA2FB5}.Release|Any CPU.Build.0 = Release|Any CPU
	EndGlobalSection
	GlobalSection(SolutionProperties) = preSolution
		HideSolutionNode = FALSE
	EndGlobalSection
	GlobalSection(ExtensibilityGlobals) = postSolution
		SolutionGuid = {CA3F280A-52CC-4948-8616-737DF73B1EC6}
	EndGlobalSection
EndGlobal
