
Microsoft Visual Studio Solution File, Format Version 12.00
# Visual Studio Version 16
VisualStudioVersion = 16.0.32602.291
MinimumVisualStudioVersion = 10.0.40219.1
Project("{FAE04EC0-301F-11D3-BF4B-00C04F79EFBC}") = "Hafta12_Destructor", "Hafta12_Destructor\Hafta12_Destructor.csproj", "{D6457DBD-07CF-40F8-91CD-EB2E374D25CC}"
EndProject
Global
	GlobalSection(SolutionConfigurationPlatforms) = preSolution
		Debug|Any CPU = Debug|Any CPU
		Release|Any CPU = Release|Any CPU
	EndGlobalSection
	GlobalSection(ProjectConfigurationPlatforms) = postSolution
		{D6457DBD-07CF-40F8-91CD-EB2E374D25CC}.Debug|Any CPU.ActiveCfg = Debug|Any CPU
		{D6457DBD-07CF-40F8-91CD-EB2E374D25CC}.Debug|Any CPU.Build.0 = Debug|Any CPU
		{D6457DBD-07CF-40F8-91CD-EB2E374D25CC}.Release|Any CPU.ActiveCfg = Release|Any CPU
		{D6457DBD-07CF-40F8-91CD-EB2E374D25CC}.Release|Any CPU.Build.0 = Release|Any CPU
	EndGlobalSection
	GlobalSection(SolutionProperties) = preSolution
		HideSolutionNode = FALSE
	EndGlobalSection
	GlobalSection(ExtensibilityGlobals) = postSolution
		SolutionGuid = {3F379BD2-7FEF-446C-A9E9-A229B154EFC5}
	EndGlobalSection
EndGlobal
