
Microsoft Visual Studio Solution File, Format Version 12.00
# Visual Studio Version 16
VisualStudioVersion = 16.0.34031.81
MinimumVisualStudioVersion = 10.0.40219.1
Project("{FAE04EC0-301F-11D3-BF4B-00C04F79EFBC}") = "hafta4_iciceif", "hafta4_iciceif\hafta4_iciceif.csproj", "{525FA800-CD65-4143-B7CD-C8B520FF7271}"
EndProject
Global
	GlobalSection(SolutionConfigurationPlatforms) = preSolution
		Debug|Any CPU = Debug|Any CPU
		Release|Any CPU = Release|Any CPU
	EndGlobalSection
	GlobalSection(ProjectConfigurationPlatforms) = postSolution
		{525FA800-CD65-4143-B7CD-C8B520FF7271}.Debug|Any CPU.ActiveCfg = Debug|Any CPU
		{525FA800-CD65-4143-B7CD-C8B520FF7271}.Debug|Any CPU.Build.0 = Debug|Any CPU
		{525FA800-CD65-4143-B7CD-C8B520FF7271}.Release|Any CPU.ActiveCfg = Release|Any CPU
		{525FA800-CD65-4143-B7CD-C8B520FF7271}.Release|Any CPU.Build.0 = Release|Any CPU
	EndGlobalSection
	GlobalSection(SolutionProperties) = preSolution
		HideSolutionNode = FALSE
	EndGlobalSection
	GlobalSection(ExtensibilityGlobals) = postSolution
		SolutionGuid = {0EC44DB9-FB4B-4FE5-9C22-FE39F1F1FC45}
	EndGlobalSection
EndGlobal
